PODS:
  - LDOConditionalDateFormatter (1.0.1)

DEPENDENCIES:
  - LDOConditionalDateFormatter (from `../`)

EXTERNAL SOURCES:
  LDOConditionalDateFormatter:
    :path: "../"

SPEC CHECKSUMS:
  LDOConditionalDateFormatter: d6cc0e0487ac63b8b0ea48553f5f155bedce74df

PODFILE CHECKSUM: 4dea3e75932bfc845a1743ef52787a4f0c0fb0ea

COCOAPODS: 1.2.1
